
Microsoft Visual Studio Solution File, Format Version 12.00
# Visual Studio Version 17
VisualStudioVersion = 17.8.34525.116
MinimumVisualStudioVersion = 10.0.40219.1
Project("{FAE04EC0-301F-11D3-BF4B-00C04F79EFBC}") = "Poisson_distribution", "Poisson_distribution\Poisson_distribution.csproj", "{B036E5E2-E2DE-4C53-B3CD-2124EC3051A2}"
EndProject
Global
	GlobalSection(SolutionConfigurationPlatforms) = preSolution
		Debug|Any CPU = Debug|Any CPU
		Release|Any CPU = Release|Any CPU
	EndGlobalSection
	GlobalSection(ProjectConfigurationPlatforms) = postSolution
		{B036E5E2-E2DE-4C53-B3CD-2124EC3051A2}.Debug|Any CPU.ActiveCfg = Debug|Any CPU
		{B036E5E2-E2DE-4C53-B3CD-2124EC3051A2}.Debug|Any CPU.Build.0 = Debug|Any CPU
		{B036E5E2-E2DE-4C53-B3CD-2124EC3051A2}.Release|Any CPU.ActiveCfg = Release|Any CPU
		{B036E5E2-E2DE-4C53-B3CD-2124EC3051A2}.Release|Any CPU.Build.0 = Release|Any CPU
	EndGlobalSection
	GlobalSection(SolutionProperties) = preSolution
		HideSolutionNode = FALSE
	EndGlobalSection
	GlobalSection(ExtensibilityGlobals) = postSolution
		SolutionGuid = {740B5BA5-E6C1-4CED-857D-6B4E7E4CBC59}
	EndGlobalSection
EndGlobal
